
Microsoft Visual Studio Solution File, Format Version 12.00
# Visual Studio 15
VisualStudioVersion = 15.0.27703.2026
MinimumVisualStudioVersion = 10.0.40219.1
Project("{FAE04EC0-301F-11D3-BF4B-00C04F79EFBC}") = "Blox-Saber Editor", "Blox-Saber Editor\Blox-Saber Editor.csproj", "{E5C2603C-F46D-4C99-A3B5-3D049747FACB}"
EndProject
Global
	GlobalSection(SolutionConfigurationPlatforms) = preSolution
		Debug|Any CPU = Debug|Any CPU
		Release|Any CPU = Release|Any CPU
	EndGlobalSection
	GlobalSection(ProjectConfigurationPlatforms) = postSolution
		{E5C2603C-F46D-4C99-A3B5-3D049747FACB}.Debug|Any CPU.ActiveCfg = Debug|Any CPU
		{E5C2603C-F46D-4C99-A3B5-3D049747FACB}.Debug|Any CPU.Build.0 = Debug|Any CPU
		{E5C2603C-F46D-4C99-A3B5-3D049747FACB}.Release|Any CPU.ActiveCfg = Release|Any CPU
		{E5C2603C-F46D-4C99-A3B5-3D049747FACB}.Release|Any CPU.Build.0 = Release|Any CPU
	EndGlobalSection
	GlobalSection(SolutionProperties) = preSolution
		HideSolutionNode = FALSE
	EndGlobalSection
	GlobalSection(ExtensibilityGlobals) = postSolution
		SolutionGuid = {F773128D-5233-434D-931F-44A70BF372A8}
	EndGlobalSection
EndGlobal
